
Microsoft Visual Studio Solution File, Format Version 12.00
# Visual Studio Version 16
VisualStudioVersion = 16.0.33214.272
MinimumVisualStudioVersion = 10.0.40219.1
Project("{FAE04EC0-301F-11D3-BF4B-00C04F79EFBC}") = "Plugin_SAP_CreatePriceListItems", "Plugin_SAP_CreatePriceListItems\Plugin_SAP_CreatePriceListItems.csproj", "{4823EFF5-6707-4628-834C-9B6E72A19A7C}"
EndProject
Global
	GlobalSection(SolutionConfigurationPlatforms) = preSolution
		Debug|Any CPU = Debug|Any CPU
		Release|Any CPU = Release|Any CPU
	EndGlobalSection
	GlobalSection(ProjectConfigurationPlatforms) = postSolution
		{4823EFF5-6707-4628-834C-9B6E72A19A7C}.Debug|Any CPU.ActiveCfg = Debug|Any CPU
		{4823EFF5-6707-4628-834C-9B6E72A19A7C}.Debug|Any CPU.Build.0 = Debug|Any CPU
		{4823EFF5-6707-4628-834C-9B6E72A19A7C}.Release|Any CPU.ActiveCfg = Release|Any CPU
		{4823EFF5-6707-4628-834C-9B6E72A19A7C}.Release|Any CPU.Build.0 = Release|Any CPU
	EndGlobalSection
	GlobalSection(SolutionProperties) = preSolution
		HideSolutionNode = FALSE
	EndGlobalSection
	GlobalSection(ExtensibilityGlobals) = postSolution
		SolutionGuid = {EAC17029-92BC-4408-8DCC-63FC641B7E62}
	EndGlobalSection
EndGlobal
