
Microsoft Visual Studio Solution File, Format Version 12.00
# Visual Studio Version 16
VisualStudioVersion = 16.0.33214.272
MinimumVisualStudioVersion = 10.0.40219.1
Project("{FAE04EC0-301F-11D3-BF4B-00C04F79EFBC}") = "Action_SAP_SSM_CreateProject", "Action_SAP_SSM_CreateProject\Action_SAP_SSM_CreateProject.csproj", "{EE2DE4EC-D7B4-49AF-ACF1-1B3DF6E5F11D}"
EndProject
Global
	GlobalSection(SolutionConfigurationPlatforms) = preSolution
		Debug|Any CPU = Debug|Any CPU
		Release|Any CPU = Release|Any CPU
	EndGlobalSection
	GlobalSection(ProjectConfigurationPlatforms) = postSolution
		{EE2DE4EC-D7B4-49AF-ACF1-1B3DF6E5F11D}.Debug|Any CPU.ActiveCfg = Debug|Any CPU
		{EE2DE4EC-D7B4-49AF-ACF1-1B3DF6E5F11D}.Debug|Any CPU.Build.0 = Debug|Any CPU
		{EE2DE4EC-D7B4-49AF-ACF1-1B3DF6E5F11D}.Release|Any CPU.ActiveCfg = Release|Any CPU
		{EE2DE4EC-D7B4-49AF-ACF1-1B3DF6E5F11D}.Release|Any CPU.Build.0 = Release|Any CPU
	EndGlobalSection
	GlobalSection(SolutionProperties) = preSolution
		HideSolutionNode = FALSE
	EndGlobalSection
	GlobalSection(ExtensibilityGlobals) = postSolution
		SolutionGuid = {738A61A7-03FE-4021-8AE3-EE54C13A315E}
	EndGlobalSection
EndGlobal
