
Microsoft Visual Studio Solution File, Format Version 12.00
# Visual Studio Version 16
VisualStudioVersion = 16.0.33214.272
MinimumVisualStudioVersion = 10.0.40219.1
Project("{FAE04EC0-301F-11D3-BF4B-00C04F79EFBC}") = "Plugin_SAP_CreateUnit", "Plugin_SAP_CreateUnit\Plugin_SAP_CreateUnit.csproj", "{0607E35C-1EC0-4D94-9EF4-859723795633}"
EndProject
Global
	GlobalSection(SolutionConfigurationPlatforms) = preSolution
		Debug|Any CPU = Debug|Any CPU
		Release|Any CPU = Release|Any CPU
	EndGlobalSection
	GlobalSection(ProjectConfigurationPlatforms) = postSolution
		{0607E35C-1EC0-4D94-9EF4-859723795633}.Debug|Any CPU.ActiveCfg = Debug|Any CPU
		{0607E35C-1EC0-4D94-9EF4-859723795633}.Debug|Any CPU.Build.0 = Debug|Any CPU
		{0607E35C-1EC0-4D94-9EF4-859723795633}.Release|Any CPU.ActiveCfg = Release|Any CPU
		{0607E35C-1EC0-4D94-9EF4-859723795633}.Release|Any CPU.Build.0 = Release|Any CPU
	EndGlobalSection
	GlobalSection(SolutionProperties) = preSolution
		HideSolutionNode = FALSE
	EndGlobalSection
	GlobalSection(ExtensibilityGlobals) = postSolution
		SolutionGuid = {78C40DDB-6232-4CA9-8791-049F89E6E0C9}
	EndGlobalSection
EndGlobal
