
Microsoft Visual Studio Solution File, Format Version 12.00
# Visual Studio Version 16
VisualStudioVersion = 16.0.33214.272
MinimumVisualStudioVersion = 10.0.40219.1
Project("{FAE04EC0-301F-11D3-BF4B-00C04F79EFBC}") = "Plugin_SAP_CreateContact", "Plugin_SAP_CreateContact\Plugin_SAP_CreateContact.csproj", "{80456CFF-43CA-4FAD-8C52-C5EBDFEA99DC}"
EndProject
Global
	GlobalSection(SolutionConfigurationPlatforms) = preSolution
		Debug|Any CPU = Debug|Any CPU
		Release|Any CPU = Release|Any CPU
	EndGlobalSection
	GlobalSection(ProjectConfigurationPlatforms) = postSolution
		{80456CFF-43CA-4FAD-8C52-C5EBDFEA99DC}.Debug|Any CPU.ActiveCfg = Debug|Any CPU
		{80456CFF-43CA-4FAD-8C52-C5EBDFEA99DC}.Debug|Any CPU.Build.0 = Debug|Any CPU
		{80456CFF-43CA-4FAD-8C52-C5EBDFEA99DC}.Release|Any CPU.ActiveCfg = Release|Any CPU
		{80456CFF-43CA-4FAD-8C52-C5EBDFEA99DC}.Release|Any CPU.Build.0 = Release|Any CPU
	EndGlobalSection
	GlobalSection(SolutionProperties) = preSolution
		HideSolutionNode = FALSE
	EndGlobalSection
	GlobalSection(ExtensibilityGlobals) = postSolution
		SolutionGuid = {11B248FE-D08A-4B64-B172-182327E4EFF9}
	EndGlobalSection
EndGlobal
