
Microsoft Visual Studio Solution File, Format Version 12.00
# Visual Studio Version 16
VisualStudioVersion = 16.0.33214.272
MinimumVisualStudioVersion = 10.0.40219.1
Project("{FAE04EC0-301F-11D3-BF4B-00C04F79EFBC}") = "Plugin_Payment_UpdateIntermediatePayment", "Plugin_Payment_UpdateIntermediatePayment\Plugin_Payment_UpdateIntermediatePayment.csproj", "{DDCDA755-371E-4E24-9A77-CA0DC3AE8CA1}"
EndProject
Global
	GlobalSection(SolutionConfigurationPlatforms) = preSolution
		Debug|Any CPU = Debug|Any CPU
		Release|Any CPU = Release|Any CPU
	EndGlobalSection
	GlobalSection(ProjectConfigurationPlatforms) = postSolution
		{DDCDA755-371E-4E24-9A77-CA0DC3AE8CA1}.Debug|Any CPU.ActiveCfg = Debug|Any CPU
		{DDCDA755-371E-4E24-9A77-CA0DC3AE8CA1}.Debug|Any CPU.Build.0 = Debug|Any CPU
		{DDCDA755-371E-4E24-9A77-CA0DC3AE8CA1}.Release|Any CPU.ActiveCfg = Release|Any CPU
		{DDCDA755-371E-4E24-9A77-CA0DC3AE8CA1}.Release|Any CPU.Build.0 = Release|Any CPU
	EndGlobalSection
	GlobalSection(SolutionProperties) = preSolution
		HideSolutionNode = FALSE
	EndGlobalSection
	GlobalSection(ExtensibilityGlobals) = postSolution
		SolutionGuid = {C3924A89-2BD2-46E0-9D72-EEA881398C3E}
	EndGlobalSection
EndGlobal
