
Microsoft Visual Studio Solution File, Format Version 12.00
# Visual Studio Version 16
VisualStudioVersion = 16.0.31624.102
MinimumVisualStudioVersion = 10.0.40219.1
Project("{FAE04EC0-301F-11D3-BF4B-00C04F79EFBC}") = "Action_Repayment_Calculate", "Action_Repayment_Calculate\Action_Repayment_Calculate.csproj", "{8CB1DF7A-5F30-4DDA-84C5-FF58D93A1619}"
EndProject
Global
	GlobalSection(SolutionConfigurationPlatforms) = preSolution
		Debug|Any CPU = Debug|Any CPU
		Release|Any CPU = Release|Any CPU
	EndGlobalSection
	GlobalSection(ProjectConfigurationPlatforms) = postSolution
		{8CB1DF7A-5F30-4DDA-84C5-FF58D93A1619}.Debug|Any CPU.ActiveCfg = Debug|Any CPU
		{8CB1DF7A-5F30-4DDA-84C5-FF58D93A1619}.Debug|Any CPU.Build.0 = Debug|Any CPU
		{8CB1DF7A-5F30-4DDA-84C5-FF58D93A1619}.Release|Any CPU.ActiveCfg = Release|Any CPU
		{8CB1DF7A-5F30-4DDA-84C5-FF58D93A1619}.Release|Any CPU.Build.0 = Release|Any CPU
	EndGlobalSection
	GlobalSection(SolutionProperties) = preSolution
		HideSolutionNode = FALSE
	EndGlobalSection
	GlobalSection(ExtensibilityGlobals) = postSolution
		SolutionGuid = {6BF3B48D-B73F-4746-B479-D27086E4902B}
	EndGlobalSection
EndGlobal
