
Microsoft Visual Studio Solution File, Format Version 12.00
# Visual Studio Version 16
VisualStudioVersion = 16.0.33214.272
MinimumVisualStudioVersion = 10.0.40219.1
Project("{FAE04EC0-301F-11D3-BF4B-00C04F79EFBC}") = "Action_SAP_CreatePayment", "Action_SAP_CreatePayment\Action_SAP_CreatePayment.csproj", "{91E77055-5913-4F31-9CC3-C2A7EDB4BD72}"
EndProject
Global
	GlobalSection(SolutionConfigurationPlatforms) = preSolution
		Debug|Any CPU = Debug|Any CPU
		Release|Any CPU = Release|Any CPU
	EndGlobalSection
	GlobalSection(ProjectConfigurationPlatforms) = postSolution
		{91E77055-5913-4F31-9CC3-C2A7EDB4BD72}.Debug|Any CPU.ActiveCfg = Debug|Any CPU
		{91E77055-5913-4F31-9CC3-C2A7EDB4BD72}.Debug|Any CPU.Build.0 = Debug|Any CPU
		{91E77055-5913-4F31-9CC3-C2A7EDB4BD72}.Release|Any CPU.ActiveCfg = Release|Any CPU
		{91E77055-5913-4F31-9CC3-C2A7EDB4BD72}.Release|Any CPU.Build.0 = Release|Any CPU
	EndGlobalSection
	GlobalSection(SolutionProperties) = preSolution
		HideSolutionNode = FALSE
	EndGlobalSection
	GlobalSection(ExtensibilityGlobals) = postSolution
		SolutionGuid = {442E329B-8BEC-4D4D-8E6F-3D47E6090BA9}
	EndGlobalSection
EndGlobal
