
Microsoft Visual Studio Solution File, Format Version 12.00
# Visual Studio Version 16
VisualStudioVersion = 16.0.33214.272
MinimumVisualStudioVersion = 10.0.40219.1
Project("{FAE04EC0-301F-11D3-BF4B-00C04F79EFBC}") = "Action_SAP_RequestAPI", "Action_SAP_RequestAPI\Action_SAP_RequestAPI.csproj", "{DA91728D-83F1-411B-82EF-558BAF222B03}"
EndProject
Global
	GlobalSection(SolutionConfigurationPlatforms) = preSolution
		Debug|Any CPU = Debug|Any CPU
		Release|Any CPU = Release|Any CPU
	EndGlobalSection
	GlobalSection(ProjectConfigurationPlatforms) = postSolution
		{DA91728D-83F1-411B-82EF-558BAF222B03}.Debug|Any CPU.ActiveCfg = Debug|Any CPU
		{DA91728D-83F1-411B-82EF-558BAF222B03}.Debug|Any CPU.Build.0 = Debug|Any CPU
		{DA91728D-83F1-411B-82EF-558BAF222B03}.Release|Any CPU.ActiveCfg = Release|Any CPU
		{DA91728D-83F1-411B-82EF-558BAF222B03}.Release|Any CPU.Build.0 = Release|Any CPU
	EndGlobalSection
	GlobalSection(SolutionProperties) = preSolution
		HideSolutionNode = FALSE
	EndGlobalSection
	GlobalSection(ExtensibilityGlobals) = postSolution
		SolutionGuid = {44BF1C38-3323-4E73-8234-3CA3A993330B}
	EndGlobalSection
EndGlobal
